
Microsoft Visual Studio Solution File, Format Version 12.00
# Visual Studio Version 16
VisualStudioVersion = 16.0.29411.108
MinimumVisualStudioVersion = 10.0.40219.1
Project("{9A19103F-16F7-4668-BE54-9A1E7A4F7556}") = "AspNetUserRolesEntityFramework", "AspNetUserRolesEntityFramework\AspNetUserRolesEntityFramework.csproj", "{BB94E597-05D4-46DA-819A-2B4F64752ED7}"
EndProject
Global
	GlobalSection(SolutionConfigurationPlatforms) = preSolution
		Debug|Any CPU = Debug|Any CPU
		Release|Any CPU = Release|Any CPU
	EndGlobalSection
	GlobalSection(ProjectConfigurationPlatforms) = postSolution
		{BB94E597-05D4-46DA-819A-2B4F64752ED7}.Debug|Any CPU.ActiveCfg = Debug|Any CPU
		{BB94E597-05D4-46DA-819A-2B4F64752ED7}.Debug|Any CPU.Build.0 = Debug|Any CPU
		{BB94E597-05D4-46DA-819A-2B4F64752ED7}.Release|Any CPU.ActiveCfg = Release|Any CPU
		{BB94E597-05D4-46DA-819A-2B4F64752ED7}.Release|Any CPU.Build.0 = Release|Any CPU
	EndGlobalSection
	GlobalSection(SolutionProperties) = preSolution
		HideSolutionNode = FALSE
	EndGlobalSection
	GlobalSection(ExtensibilityGlobals) = postSolution
		SolutionGuid = {5A63D4F8-1862-4CA4-8609-7D06218C2AF4}
	EndGlobalSection
EndGlobal
